// !$*UTF8*$!
{
	archiveVersion = 1;
	classes = {
	};
	objectVersion = 50;
	objects = {

/* Begin PBXBuildFile section */
		0342620824723B2800813900 /* AppDelegate.swift in Sources */ = {isa = PBXBuildFile; fileRef = 0342620724723B2800813900 /* AppDelegate.swift */; };
		0342620A24723B2B00813900 /* Assets.xcassets in Resources */ = {isa = PBXBuildFile; fileRef = 0342620924723B2B00813900 /* Assets.xcassets */; };
		0342621A24723CB300813900 /* NSMenuItem+Additions.swift in Sources */ = {isa = PBXBuildFile; fileRef = 0342621924723C3A00813900 /* NSMenuItem+Additions.swift */; };
		0342621D24723DD000813900 /* CodeManager.swift in Sources */ = {isa = PBXBuildFile; fileRef = 0342621C24723DD000813900 /* CodeManager.swift */; };
		034262212472432800813900 /* MainMenu.xib in Resources */ = {isa = PBXBuildFile; fileRef = 034262202472432800813900 /* MainMenu.xib */; };
		034262432472450600813900 /* NotificationCenter.framework in Frameworks */ = {isa = PBXBuildFile; fileRef = 034262422472450600813900 /* NotificationCenter.framework */; };
		034262462472450600813900 /* TodayViewController.swift in Sources */ = {isa = PBXBuildFile; fileRef = 034262452472450600813900 /* TodayViewController.swift */; };
		034262492472450600813900 /* TodayViewController.xib in Resources */ = {isa = PBXBuildFile; fileRef = 034262472472450600813900 /* TodayViewController.xib */; };
		0342624D2472450600813900 /* InfoPlist.strings in Resources */ = {isa = PBXBuildFile; fileRef = 0342624B2472450600813900 /* InfoPlist.strings */; };
		034262512472450600813900 /* UUIDToday.appex in Embed App Extensions */ = {isa = PBXBuildFile; fileRef = 034262402472450600813900 /* UUIDToday.appex */; settings = {ATTRIBUTES = (RemoveHeadersOnCopy, ); }; };
		0342625624724B3E00813900 /* CodeManager.swift in Sources */ = {isa = PBXBuildFile; fileRef = 0342621C24723DD000813900 /* CodeManager.swift */; };
/* End PBXBuildFile section */

/* Begin PBXContainerItemProxy section */
		0342624F2472450600813900 /* PBXContainerItemProxy */ = {
			isa = PBXContainerItemProxy;
			containerPortal = 034261FC24723B2800813900 /* Project object */;
			proxyType = 1;
			remoteGlobalIDString = 0342623F2472450600813900;
			remoteInfo = UUIDToday;
		};
/* End PBXContainerItemProxy section */

/* Begin PBXCopyFilesBuildPhase section */
		034262552472450600813900 /* Embed App Extensions */ = {
			isa = PBXCopyFilesBuildPhase;
			buildActionMask = 2147483647;
			dstPath = "";
			dstSubfolderSpec = 13;
			files = (
				034262512472450600813900 /* UUIDToday.appex in Embed App Extensions */,
			);
			name = "Embed App Extensions";
			runOnlyForDeploymentPostprocessing = 0;
		};
/* End PBXCopyFilesBuildPhase section */

/* Begin PBXFileReference section */
		0342620424723B2800813900 /* jrUUID.app */ = {isa = PBXFileReference; explicitFileType = wrapper.application; includeInIndex = 0; path = jrUUID.app; sourceTree = BUILT_PRODUCTS_DIR; };
		0342620724723B2800813900 /* AppDelegate.swift */ = {isa = PBXFileReference; lastKnownFileType = sourcecode.swift; path = AppDelegate.swift; sourceTree = "<group>"; };
		0342620924723B2B00813900 /* Assets.xcassets */ = {isa = PBXFileReference; lastKnownFileType = folder.assetcatalog; path = Assets.xcassets; sourceTree = "<group>"; };
		0342620E24723B2B00813900 /* Info.plist */ = {isa = PBXFileReference; lastKnownFileType = text.plist.xml; path = Info.plist; sourceTree = "<group>"; };
		0342620F24723B2B00813900 /* jrUUID.entitlements */ = {isa = PBXFileReference; lastKnownFileType = text.plist.entitlements; path = jrUUID.entitlements; sourceTree = "<group>"; };
		0342621924723C3A00813900 /* NSMenuItem+Additions.swift */ = {isa = PBXFileReference; lastKnownFileType = sourcecode.swift; path = "NSMenuItem+Additions.swift"; sourceTree = "<group>"; };
		0342621C24723DD000813900 /* CodeManager.swift */ = {isa = PBXFileReference; lastKnownFileType = sourcecode.swift; path = CodeManager.swift; sourceTree = "<group>"; };
		034262202472432800813900 /* MainMenu.xib */ = {isa = PBXFileReference; lastKnownFileType = file.xib; path = MainMenu.xib; sourceTree = "<group>"; };
		034262402472450600813900 /* UUIDToday.appex */ = {isa = PBXFileReference; explicitFileType = "wrapper.app-extension"; includeInIndex = 0; path = UUIDToday.appex; sourceTree = BUILT_PRODUCTS_DIR; };
		034262422472450600813900 /* NotificationCenter.framework */ = {isa = PBXFileReference; lastKnownFileType = wrapper.framework; name = NotificationCenter.framework; path = System/Library/Frameworks/NotificationCenter.framework; sourceTree = SDKROOT; };
		034262452472450600813900 /* TodayViewController.swift */ = {isa = PBXFileReference; lastKnownFileType = sourcecode.swift; path = TodayViewController.swift; sourceTree = "<group>"; };
		034262482472450600813900 /* Base */ = {isa = PBXFileReference; lastKnownFileType = file.xib; name = Base; path = Base.lproj/TodayViewController.xib; sourceTree = "<group>"; };
		0342624A2472450600813900 /* Info.plist */ = {isa = PBXFileReference; lastKnownFileType = text.plist.xml; path = Info.plist; sourceTree = "<group>"; };
		0342624C2472450600813900 /* en */ = {isa = PBXFileReference; lastKnownFileType = text.plist.strings; name = en; path = en.lproj/InfoPlist.strings; sourceTree = "<group>"; };
		0342624E2472450600813900 /* UUIDToday.entitlements */ = {isa = PBXFileReference; lastKnownFileType = text.plist.entitlements; path = UUIDToday.entitlements; sourceTree = "<group>"; };
/* End PBXFileReference section */

/* Begin PBXFrameworksBuildPhase section */
		0342620124723B2800813900 /* Frameworks */ = {
			isa = PBXFrameworksBuildPhase;
			buildActionMask = 2147483647;
			files = (
			);
			runOnlyForDeploymentPostprocessing = 0;
		};
		0342623D2472450600813900 /* Frameworks */ = {
			isa = PBXFrameworksBuildPhase;
			buildActionMask = 2147483647;
			files = (
				034262432472450600813900 /* NotificationCenter.framework in Frameworks */,
			);
			runOnlyForDeploymentPostprocessing = 0;
		};
/* End PBXFrameworksBuildPhase section */

/* Begin PBXGroup section */
		034261FB24723B2800813900 = {
			isa = PBXGroup;
			children = (
				0342620624723B2800813900 /* jrUUID */,
				034262442472450600813900 /* UUIDToday */,
				034262412472450600813900 /* Frameworks */,
				0342620524723B2800813900 /* Products */,
			);
			sourceTree = "<group>";
		};
		0342620524723B2800813900 /* Products */ = {
			isa = PBXGroup;
			children = (
				0342620424723B2800813900 /* jrUUID.app */,
				034262402472450600813900 /* UUIDToday.appex */,
			);
			name = Products;
			sourceTree = "<group>";
		};
		0342620624723B2800813900 /* jrUUID */ = {
			isa = PBXGroup;
			children = (
				0342621524723B9400813900 /* Assets */,
				0342621624723B9F00813900 /* Classes */,
			);
			path = jrUUID;
			sourceTree = "<group>";
		};
		0342621524723B9400813900 /* Assets */ = {
			isa = PBXGroup;
			children = (
				0342620924723B2B00813900 /* Assets.xcassets */,
				0342620E24723B2B00813900 /* Info.plist */,
				0342620F24723B2B00813900 /* jrUUID.entitlements */,
				034262202472432800813900 /* MainMenu.xib */,
			);
			path = Assets;
			sourceTree = "<group>";
		};
		0342621624723B9F00813900 /* Classes */ = {
			isa = PBXGroup;
			children = (
				0342621724723BA400813900 /* Delegate */,
				0342621824723C3200813900 /* Extension */,
				0342621B24723DBF00813900 /* Manager */,
			);
			path = Classes;
			sourceTree = "<group>";
		};
		0342621724723BA400813900 /* Delegate */ = {
			isa = PBXGroup;
			children = (
				0342620724723B2800813900 /* AppDelegate.swift */,
			);
			path = Delegate;
			sourceTree = "<group>";
		};
		0342621824723C3200813900 /* Extension */ = {
			isa = PBXGroup;
			children = (
				0342621924723C3A00813900 /* NSMenuItem+Additions.swift */,
			);
			path = Extension;
			sourceTree = "<group>";
		};
		0342621B24723DBF00813900 /* Manager */ = {
			isa = PBXGroup;
			children = (
				0342621C24723DD000813900 /* CodeManager.swift */,
			);
			path = Manager;
			sourceTree = "<group>";
		};
		034262412472450600813900 /* Frameworks */ = {
			isa = PBXGroup;
			children = (
				034262422472450600813900 /* NotificationCenter.framework */,
			);
			name = Frameworks;
			sourceTree = "<group>";
		};
		034262442472450600813900 /* UUIDToday */ = {
			isa = PBXGroup;
			children = (
				034262452472450600813900 /* TodayViewController.swift */,
				034262472472450600813900 /* TodayViewController.xib */,
				0342624A2472450600813900 /* Info.plist */,
				0342624B2472450600813900 /* InfoPlist.strings */,
				0342624E2472450600813900 /* UUIDToday.entitlements */,
			);
			path = UUIDToday;
			sourceTree = "<group>";
		};
/* End PBXGroup section */

/* Begin PBXNativeTarget section */
		0342620324723B2800813900 /* jrUUID */ = {
			isa = PBXNativeTarget;
			buildConfigurationList = 0342621224723B2B00813900 /* Build configuration list for PBXNativeTarget "jrUUID" */;
			buildPhases = (
				0342620024723B2800813900 /* Sources */,
				0342620124723B2800813900 /* Frameworks */,
				0342620224723B2800813900 /* Resources */,
				034262552472450600813900 /* Embed App Extensions */,
			);
			buildRules = (
			);
			dependencies = (
				034262502472450600813900 /* PBXTargetDependency */,
			);
			name = jrUUID;
			productName = jrUUID;
			productReference = 0342620424723B2800813900 /* jrUUID.app */;
			productType = "com.apple.product-type.application";
		};
		0342623F2472450600813900 /* UUIDToday */ = {
			isa = PBXNativeTarget;
			buildConfigurationList = 034262522472450600813900 /* Build configuration list for PBXNativeTarget "UUIDToday" */;
			buildPhases = (
				0342623C2472450600813900 /* Sources */,
				0342623D2472450600813900 /* Frameworks */,
				0342623E2472450600813900 /* Resources */,
			);
			buildRules = (
			);
			dependencies = (
			);
			name = UUIDToday;
			productName = UUIDToday;
			productReference = 034262402472450600813900 /* UUIDToday.appex */;
			productType = "com.apple.product-type.app-extension";
		};
/* End PBXNativeTarget section */

/* Begin PBXProject section */
		034261FC24723B2800813900 /* Project object */ = {
			isa = PBXProject;
			attributes = {
				LastSwiftUpdateCheck = 1140;
				LastUpgradeCheck = 1140;
				ORGANIZATIONNAME = "JR Apps Pty. Ltd.";
				TargetAttributes = {
					0342620324723B2800813900 = {
						CreatedOnToolsVersion = 11.4.1;
					};
					0342623F2472450600813900 = {
						CreatedOnToolsVersion = 11.4.1;
					};
				};
			};
			buildConfigurationList = 034261FF24723B2800813900 /* Build configuration list for PBXProject "jrUUID" */;
			compatibilityVersion = "Xcode 9.3";
			developmentRegion = en;
			hasScannedForEncodings = 0;
			knownRegions = (
				en,
				Base,
			);
			mainGroup = 034261FB24723B2800813900;
			productRefGroup = 0342620524723B2800813900 /* Products */;
			projectDirPath = "";
			projectRoot = "";
			targets = (
				0342620324723B2800813900 /* jrUUID */,
				0342623F2472450600813900 /* UUIDToday */,
			);
		};
/* End PBXProject section */

/* Begin PBXResourcesBuildPhase section */
		0342620224723B2800813900 /* Resources */ = {
			isa = PBXResourcesBuildPhase;
			buildActionMask = 2147483647;
			files = (
				034262212472432800813900 /* MainMenu.xib in Resources */,
				0342620A24723B2B00813900 /* Assets.xcassets in Resources */,
			);
			runOnlyForDeploymentPostprocessing = 0;
		};
		0342623E2472450600813900 /* Resources */ = {
			isa = PBXResourcesBuildPhase;
			buildActionMask = 2147483647;
			files = (
				034262492472450600813900 /* TodayViewController.xib in Resources */,
				0342624D2472450600813900 /* InfoPlist.strings in Resources */,
			);
			runOnlyForDeploymentPostprocessing = 0;
		};
/* End PBXResourcesBuildPhase section */

/* Begin PBXSourcesBuildPhase section */
		0342620024723B2800813900 /* Sources */ = {
			isa = PBXSourcesBuildPhase;
			buildActionMask = 2147483647;
			files = (
				0342621A24723CB300813900 /* NSMenuItem+Additions.swift in Sources */,
				0342621D24723DD000813900 /* CodeManager.swift in Sources */,
				0342620824723B2800813900 /* AppDelegate.swift in Sources */,
			);
			runOnlyForDeploymentPostprocessing = 0;
		};
		0342623C2472450600813900 /* Sources */ = {
			isa = PBXSourcesBuildPhase;
			buildActionMask = 2147483647;
			files = (
				0342625624724B3E00813900 /* CodeManager.swift in Sources */,
				034262462472450600813900 /* TodayViewController.swift in Sources */,
			);
			runOnlyForDeploymentPostprocessing = 0;
		};
/* End PBXSourcesBuildPhase section */

/* Begin PBXTargetDependency section */
		034262502472450600813900 /* PBXTargetDependency */ = {
			isa = PBXTargetDependency;
			target = 0342623F2472450600813900 /* UUIDToday */;
			targetProxy = 0342624F2472450600813900 /* PBXContainerItemProxy */;
		};
/* End PBXTargetDependency section */

/* Begin PBXVariantGroup section */
		034262472472450600813900 /* TodayViewController.xib */ = {
			isa = PBXVariantGroup;
			children = (
				034262482472450600813900 /* Base */,
			);
			name = TodayViewController.xib;
			sourceTree = "<group>";
		};
		0342624B2472450600813900 /* InfoPlist.strings */ = {
			isa = PBXVariantGroup;
			children = (
				0342624C2472450600813900 /* en */,
			);
			name = InfoPlist.strings;
			sourceTree = "<group>";
		};
/* End PBXVariantGroup section */

/* Begin XCBuildConfiguration section */
		0342621024723B2B00813900 /* Debug */ = {
			isa = XCBuildConfiguration;
			buildSettings = {
				ALWAYS_SEARCH_USER_PATHS = NO;
				CLANG_ANALYZER_NONNULL = YES;
				CLANG_ANALYZER_NUMBER_OBJECT_CONVERSION = YES_AGGRESSIVE;
				CLANG_CXX_LANGUAGE_STANDARD = "gnu++14";
				CLANG_CXX_LIBRARY = "libc++";
				CLANG_ENABLE_MODULES = YES;
				CLANG_ENABLE_OBJC_ARC = YES;
				CLANG_ENABLE_OBJC_WEAK = YES;
				CLANG_WARN_BLOCK_CAPTURE_AUTORELEASING = YES;
				CLANG_WARN_BOOL_CONVERSION = YES;
				CLANG_WARN_COMMA = YES;
				CLANG_WARN_CONSTANT_CONVERSION = YES;
				CLANG_WARN_DEPRECATED_OBJC_IMPLEMENTATIONS = YES;
				CLANG_WARN_DIRECT_OBJC_ISA_USAGE = YES_ERROR;
				CLANG_WARN_DOCUMENTATION_COMMENTS = YES;
				CLANG_WARN_EMPTY_BODY = YES;
				CLANG_WARN_ENUM_CONVERSION = YES;
				CLANG_WARN_INFINITE_RECURSION = YES;
				CLANG_WARN_INT_CONVERSION = YES;
				CLANG_WARN_NON_LITERAL_NULL_CONVERSION = YES;
				CLANG_WARN_OBJC_IMPLICIT_RETAIN_SELF = YES;
				CLANG_WARN_OBJC_LITERAL_CONVERSION = YES;
				CLANG_WARN_OBJC_ROOT_CLASS = YES_ERROR;
				CLANG_WARN_RANGE_LOOP_ANALYSIS = YES;
				CLANG_WARN_STRICT_PROTOTYPES = YES;
				CLANG_WARN_SUSPICIOUS_MOVE = YES;
				CLANG_WARN_UNGUARDED_AVAILABILITY = YES_AGGRESSIVE;
				CLANG_WARN_UNREACHABLE_CODE = YES;
				CLANG_WARN__DUPLICATE_METHOD_MATCH = YES;
				COPY_PHASE_STRIP = NO;
				DEBUG_INFORMATION_FORMAT = dwarf;
				ENABLE_STRICT_OBJC_MSGSEND = YES;
				ENABLE_TESTABILITY = YES;
				GCC_C_LANGUAGE_STANDARD = gnu11;
				GCC_DYNAMIC_NO_PIC = NO;
				GCC_NO_COMMON_BLOCKS = YES;
				GCC_OPTIMIZATION_LEVEL = 0;
				GCC_PREPROCESSOR_DEFINITIONS = (
					"DEBUG=1",
					"$(inherited)",
				);
				GCC_WARN_64_TO_32_BIT_CONVERSION = YES;
				GCC_WARN_ABOUT_RETURN_TYPE = YES_ERROR;
				GCC_WARN_UNDECLARED_SELECTOR = YES;
				GCC_WARN_UNINITIALIZED_AUTOS = YES_AGGRESSIVE;
				GCC_WARN_UNUSED_FUNCTION = YES;
				GCC_WARN_UNUSED_VARIABLE = YES;
				MACOSX_DEPLOYMENT_TARGET = 10.15;
				MTL_ENABLE_DEBUG_INFO = INCLUDE_SOURCE;
				MTL_FAST_MATH = YES;
				ONLY_ACTIVE_ARCH = YES;
				SDKROOT = macosx;
				SWIFT_ACTIVE_COMPILATION_CONDITIONS = DEBUG;
				SWIFT_OPTIMIZATION_LEVEL = "-Onone";
			};
			name = Debug;
		};
		0342621124723B2B00813900 /* Release */ = {
			isa = XCBuildConfiguration;
			buildSettings = {
				ALWAYS_SEARCH_USER_PATHS = NO;
				CLANG_ANALYZER_NONNULL = YES;
				CLANG_ANALYZER_NUMBER_OBJECT_CONVERSION = YES_AGGRESSIVE;
				CLANG_CXX_LANGUAGE_STANDARD = "gnu++14";
				CLANG_CXX_LIBRARY = "libc++";
				CLANG_ENABLE_MODULES = YES;
				CLANG_ENABLE_OBJC_ARC = YES;
				CLANG_ENABLE_OBJC_WEAK = YES;
				CLANG_WARN_BLOCK_CAPTURE_AUTORELEASING = YES;
				CLANG_WARN_BOOL_CONVERSION = YES;
				CLANG_WARN_COMMA = YES;
				CLANG_WARN_CONSTANT_CONVERSION = YES;
				CLANG_WARN_DEPRECATED_OBJC_IMPLEMENTATIONS = YES;
				CLANG_WARN_DIRECT_OBJC_ISA_USAGE = YES_ERROR;
				CLANG_WARN_DOCUMENTATION_COMMENTS = YES;
				CLANG_WARN_EMPTY_BODY = YES;
				CLANG_WARN_ENUM_CONVERSION = YES;
				CLANG_WARN_INFINITE_RECURSION = YES;
				CLANG_WARN_INT_CONVERSION = YES;
				CLANG_WARN_NON_LITERAL_NULL_CONVERSION = YES;
				CLANG_WARN_OBJC_IMPLICIT_RETAIN_SELF = YES;
				CLANG_WARN_OBJC_LITERAL_CONVERSION = YES;
				CLANG_WARN_OBJC_ROOT_CLASS = YES_ERROR;
				CLANG_WARN_RANGE_LOOP_ANALYSIS = YES;
				CLANG_WARN_STRICT_PROTOTYPES = YES;
				CLANG_WARN_SUSPICIOUS_MOVE = YES;
				CLANG_WARN_UNGUARDED_AVAILABILITY = YES_AGGRESSIVE;
				CLANG_WARN_UNREACHABLE_CODE = YES;
				CLANG_WARN__DUPLICATE_METHOD_MATCH = YES;
				COPY_PHASE_STRIP = NO;
				DEBUG_INFORMATION_FORMAT = "dwarf-with-dsym";
				ENABLE_NS_ASSERTIONS = NO;
				ENABLE_STRICT_OBJC_MSGSEND = YES;
				GCC_C_LANGUAGE_STANDARD = gnu11;
				GCC_NO_COMMON_BLOCKS = YES;
				GCC_WARN_64_TO_32_BIT_CONVERSION = YES;
				GCC_WARN_ABOUT_RETURN_TYPE = YES_ERROR;
				GCC_WARN_UNDECLARED_SELECTOR = YES;
				GCC_WARN_UNINITIALIZED_AUTOS = YES_AGGRESSIVE;
				GCC_WARN_UNUSED_FUNCTION = YES;
				GCC_WARN_UNUSED_VARIABLE = YES;
				MACOSX_DEPLOYMENT_TARGET = 10.15;
				MTL_ENABLE_DEBUG_INFO = NO;
				MTL_FAST_MATH = YES;
				SDKROOT = macosx;
				SWIFT_COMPILATION_MODE = wholemodule;
				SWIFT_OPTIMIZATION_LEVEL = "-O";
			};
			name = Release;
		};
		0342621324723B2B00813900 /* Debug */ = {
			isa = XCBuildConfiguration;
			buildSettings = {
				ALWAYS_EMBED_SWIFT_STANDARD_LIBRARIES = YES;
				ASSETCATALOG_COMPILER_APPICON_NAME = AppIcon;
				CODE_SIGN_ENTITLEMENTS = jrUUID/Assets/jrUUID.entitlements;
				CODE_SIGN_STYLE = Automatic;
				COMBINE_HIDPI_IMAGES = YES;
				CURRENT_PROJECT_VERSION = 2;
				DEVELOPMENT_TEAM = L7R443CQYH;
				ENABLE_HARDENED_RUNTIME = YES;
				INFOPLIST_FILE = jrUUID/Assets/Info.plist;
				LD_RUNPATH_SEARCH_PATHS = (
					"$(inherited)",
					"@executable_path/../Frameworks",
				);
				MARKETING_VERSION = 2.0;
				PRODUCT_BUNDLE_IDENTIFIER = au.com.jrapps.jrUUID;
				PRODUCT_NAME = "$(TARGET_NAME)";
				SWIFT_VERSION = 5.0;
				VERSIONING_SYSTEM = "apple-generic";
			};
			name = Debug;
		};
		0342621424723B2B00813900 /* Release */ = {
			isa = XCBuildConfiguration;
			buildSettings = {
				ALWAYS_EMBED_SWIFT_STANDARD_LIBRARIES = YES;
				ASSETCATALOG_COMPILER_APPICON_NAME = AppIcon;
				CODE_SIGN_ENTITLEMENTS = jrUUID/Assets/jrUUID.entitlements;
				CODE_SIGN_STYLE = Automatic;
				COMBINE_HIDPI_IMAGES = YES;
				CURRENT_PROJECT_VERSION = 2;
				DEVELOPMENT_TEAM = L7R443CQYH;
				ENABLE_HARDENED_RUNTIME = YES;
				INFOPLIST_FILE = jrUUID/Assets/Info.plist;
				LD_RUNPATH_SEARCH_PATHS = (
					"$(inherited)",
					"@executable_path/../Frameworks",
				);
				MARKETING_VERSION = 2.0;
				PRODUCT_BUNDLE_IDENTIFIER = au.com.jrapps.jrUUID;
				PRODUCT_NAME = "$(TARGET_NAME)";
				SWIFT_VERSION = 5.0;
				VERSIONING_SYSTEM = "apple-generic";
			};
			name = Release;
		};
		034262532472450600813900 /* Debug */ = {
			isa = XCBuildConfiguration;
			buildSettings = {
				CODE_SIGN_ENTITLEMENTS = UUIDToday/UUIDToday.entitlements;
				CODE_SIGN_STYLE = Automatic;
				COMBINE_HIDPI_IMAGES = YES;
				DEVELOPMENT_TEAM = L7R443CQYH;
				ENABLE_HARDENED_RUNTIME = YES;
				INFOPLIST_FILE = UUIDToday/Info.plist;
				LD_RUNPATH_SEARCH_PATHS = (
					"$(inherited)",
					"@executable_path/../Frameworks",
					"@executable_path/../../../../Frameworks",
				);
				PRODUCT_BUNDLE_IDENTIFIER = au.com.jrapps.jrUUID.UUIDToday;
				PRODUCT_NAME = "$(TARGET_NAME)";
				SKIP_INSTALL = YES;
				SWIFT_VERSION = 5.0;
			};
			name = Debug;
		};
		034262542472450600813900 /* Release */ = {
			isa = XCBuildConfiguration;
			buildSettings = {
				CODE_SIGN_ENTITLEMENTS = UUIDToday/UUIDToday.entitlements;
				CODE_SIGN_STYLE = Automatic;
				COMBINE_HIDPI_IMAGES = YES;
				DEVELOPMENT_TEAM = L7R443CQYH;
				ENABLE_HARDENED_RUNTIME = YES;
				INFOPLIST_FILE = UUIDToday/Info.plist;
				LD_RUNPATH_SEARCH_PATHS = (
					"$(inherited)",
					"@executable_path/../Frameworks",
					"@executable_path/../../../../Frameworks",
				);
				PRODUCT_BUNDLE_IDENTIFIER = au.com.jrapps.jrUUID.UUIDToday;
				PRODUCT_NAME = "$(TARGET_NAME)";
				SKIP_INSTALL = YES;
				SWIFT_VERSION = 5.0;
			};
			name = Release;
		};
/* End XCBuildConfiguration section */

/* Begin XCConfigurationList section */
		034261FF24723B2800813900 /* Build configuration list for PBXProject "jrUUID" */ = {
			isa = XCConfigurationList;
			buildConfigurations = (
				0342621024723B2B00813900 /* Debug */,
				0342621124723B2B00813900 /* Release */,
			);
			defaultConfigurationIsVisible = 0;
			defaultConfigurationName = Release;
		};
		0342621224723B2B00813900 /* Build configuration list for PBXNativeTarget "jrUUID" */ = {
			isa = XCConfigurationList;
			buildConfigurations = (
				0342621324723B2B00813900 /* Debug */,
				0342621424723B2B00813900 /* Release */,
			);
			defaultConfigurationIsVisible = 0;
			defaultConfigurationName = Release;
		};
		034262522472450600813900 /* Build configuration list for PBXNativeTarget "UUIDToday" */ = {
			isa = XCConfigurationList;
			buildConfigurations = (
				034262532472450600813900 /* Debug */,
				034262542472450600813900 /* Release */,
			);
			defaultConfigurationIsVisible = 0;
			defaultConfigurationName = Release;
		};
/* End XCConfigurationList section */
	};
	rootObject = 034261FC24723B2800813900 /* Project object */;
}
